
Microsoft Visual Studio Solution File, Format Version 12.00
# Visual Studio Version 17
VisualStudioVersion = 17.14.36310.24 d17.14
MinimumVisualStudioVersion = 10.0.40219.1
Project("{FAE04EC0-301F-11D3-BF4B-00C04F79EFBC}") = "QuanLyBanLaptop_GUI", "QuanLyBanLaptop_GUI\QuanLyBanLaptop_GUI.csproj", "{B5364C79-0E8F-406F-97D9-2B178F65FD3E}"
EndProject
Project("{FAE04EC0-301F-11D3-BF4B-00C04F79EFBC}") = "QuanLyBanLaptop_BUS", "QuanLyBanLaptop_BUS\QuanLyBanLaptop_BUS.csproj", "{EE7A3D25-BECB-471F-9B8B-F67DA7C522C5}"
EndProject
Project("{FAE04EC0-301F-11D3-BF4B-00C04F79EFBC}") = "QuanLyBanLaptop_DAL", "QuanLyBanLaptop_DAL\QuanLyBanLaptop_DAL.csproj", "{1971CC5F-C96C-47D1-B944-F589BE1FFB4A}"
EndProject
Global
	GlobalSection(SolutionConfigurationPlatforms) = preSolution
		Debug|Any CPU = Debug|Any CPU
		Release|Any CPU = Release|Any CPU
	EndGlobalSection
	GlobalSection(ProjectConfigurationPlatforms) = postSolution
		{B5364C79-0E8F-406F-97D9-2B178F65FD3E}.Debug|Any CPU.ActiveCfg = Debug|Any CPU
		{B5364C79-0E8F-406F-97D9-2B178F65FD3E}.Debug|Any CPU.Build.0 = Debug|Any CPU
		{B5364C79-0E8F-406F-97D9-2B178F65FD3E}.Release|Any CPU.ActiveCfg = Release|Any CPU
		{B5364C79-0E8F-406F-97D9-2B178F65FD3E}.Release|Any CPU.Build.0 = Release|Any CPU
		{EE7A3D25-BECB-471F-9B8B-F67DA7C522C5}.Debug|Any CPU.ActiveCfg = Debug|Any CPU
		{EE7A3D25-BECB-471F-9B8B-F67DA7C522C5}.Debug|Any CPU.Build.0 = Debug|Any CPU
		{EE7A3D25-BECB-471F-9B8B-F67DA7C522C5}.Release|Any CPU.ActiveCfg = Release|Any CPU
		{EE7A3D25-BECB-471F-9B8B-F67DA7C522C5}.Release|Any CPU.Build.0 = Release|Any CPU
		{1971CC5F-C96C-47D1-B944-F589BE1FFB4A}.Debug|Any CPU.ActiveCfg = Debug|Any CPU
		{1971CC5F-C96C-47D1-B944-F589BE1FFB4A}.Debug|Any CPU.Build.0 = Debug|Any CPU
		{1971CC5F-C96C-47D1-B944-F589BE1FFB4A}.Release|Any CPU.ActiveCfg = Release|Any CPU
		{1971CC5F-C96C-47D1-B944-F589BE1FFB4A}.Release|Any CPU.Build.0 = Release|Any CPU
	EndGlobalSection
	GlobalSection(SolutionProperties) = preSolution
		HideSolutionNode = FALSE
	EndGlobalSection
	GlobalSection(ExtensibilityGlobals) = postSolution
		SolutionGuid = {74A00928-498A-41BC-9F91-2A8261C82655}
	EndGlobalSection
EndGlobal
